github.com/gotk3/gotk3 v0.4.0/go.mod h1:Eew3QBwAOBTrfFFDmsDE5wZWbcagBL1NUslj1GhRveo=
github.com/gotk3/gotk3 v0.5.2 h1:jbSFvUNMfo3ImM6BWBAkNUxY5piqP3eTc1YFbYy9ecU=
github.com/gotk3/gotk3 v0.5.2/go.mod h1:/hqFpkNa9T3JgNAE2fLvCdov7c5bw//FHNZrZ3Uv9/Q=
github.com/hultan/gtk-startup v0.0.0-20201005060008-e1f77b5e6e95 h1:Cc3O+UV/ZvhChha1NaH0TfcAO+DWkhK6AO3pGnlLxs4=
github.com/hultan/gtk-startup v0.0.0-20201005060008-e1f77b5e6e95/go.mod h1:/lK4aRjn0Ah2k+12ub/aTOK85BTncheT1+wbz1GLcqs=
github.com/hultan/softteam v0.1.2 h1:fw7tA7nDxMvpgAjFEckYXYKhTE7xBcSlU0RuxhcRve4=
github.com/hultan/softteam v0.1.2/go.mod h1:QEXMKw8q+S4qRoL0REfFtTa9e8d8Kj9KHFq/U2skAPY=
github.com/hultan/softteam-tools v1.2.2 h1:3K80JRsMP6+UgYUtg0SirVYeZPDz7gTms9oIQKCVLQ4=
github.com/hultan/softteam-tools v1.2.2/go.mod h1:PxNInslnmARlAlqpYK/DhUGndmWVRU8HAh/Ir8RL9mI=
